
Microsoft Visual Studio Solution File, Format Version 12.00
# Visual Studio Version 16
VisualStudioVersion = 16.0.30611.23
MinimumVisualStudioVersion = 10.0.40219.1
Project("{9A19103F-16F7-4668-BE54-9A1E7A4F7556}") = "Cotizacion.App", "Cotizacion.App\Cotizacion.App.csproj", "{71950C11-137C-45EB-8BE6-BBF4A5383A3F}"
EndProject
Project("{9A19103F-16F7-4668-BE54-9A1E7A4F7556}") = "Cotizacion.Entities", "Cotizacion.Entities\Cotizacion.Entities.csproj", "{86C56391-1674-47E6-A492-2D9931E1A308}"
EndProject
Project("{FAE04EC0-301F-11D3-BF4B-00C04F79EFBC}") = "Cotizacion.DAL", "Cotizacion.Data\Cotizacion.DAL.csproj", "{35244BA4-6F78-4707-B4F8-8BEB35377498}"
EndProject
Project("{FAE04EC0-301F-11D3-BF4B-00C04F79EFBC}") = "Cotizacion.Repository", "Cotizacion.Repository\Cotizacion.Repository.csproj", "{6FA43CBB-AE17-4121-AD58-FE6572F3506C}"
EndProject
Project("{FAE04EC0-301F-11D3-BF4B-00C04F79EFBC}") = "Cotizacion.IRepository", "Cotizacion.IRepository\Cotizacion.IRepository.csproj", "{B2C00B9C-8A0F-4FCF-936E-298E8F281AB3}"
EndProject
Global
	GlobalSection(SolutionConfigurationPlatforms) = preSolution
		Debug|Any CPU = Debug|Any CPU
		Release|Any CPU = Release|Any CPU
	EndGlobalSection
	GlobalSection(ProjectConfigurationPlatforms) = postSolution
		{71950C11-137C-45EB-8BE6-BBF4A5383A3F}.Debug|Any CPU.ActiveCfg = Debug|Any CPU
		{71950C11-137C-45EB-8BE6-BBF4A5383A3F}.Debug|Any CPU.Build.0 = Debug|Any CPU
		{71950C11-137C-45EB-8BE6-BBF4A5383A3F}.Release|Any CPU.ActiveCfg = Release|Any CPU
		{71950C11-137C-45EB-8BE6-BBF4A5383A3F}.Release|Any CPU.Build.0 = Release|Any CPU
		{86C56391-1674-47E6-A492-2D9931E1A308}.Debug|Any CPU.ActiveCfg = Debug|Any CPU
		{86C56391-1674-47E6-A492-2D9931E1A308}.Debug|Any CPU.Build.0 = Debug|Any CPU
		{86C56391-1674-47E6-A492-2D9931E1A308}.Release|Any CPU.ActiveCfg = Release|Any CPU
		{86C56391-1674-47E6-A492-2D9931E1A308}.Release|Any CPU.Build.0 = Release|Any CPU
		{35244BA4-6F78-4707-B4F8-8BEB35377498}.Debug|Any CPU.ActiveCfg = Debug|Any CPU
		{35244BA4-6F78-4707-B4F8-8BEB35377498}.Debug|Any CPU.Build.0 = Debug|Any CPU
		{35244BA4-6F78-4707-B4F8-8BEB35377498}.Release|Any CPU.ActiveCfg = Release|Any CPU
		{35244BA4-6F78-4707-B4F8-8BEB35377498}.Release|Any CPU.Build.0 = Release|Any CPU
		{6FA43CBB-AE17-4121-AD58-FE6572F3506C}.Debug|Any CPU.ActiveCfg = Debug|Any CPU
		{6FA43CBB-AE17-4121-AD58-FE6572F3506C}.Debug|Any CPU.Build.0 = Debug|Any CPU
		{6FA43CBB-AE17-4121-AD58-FE6572F3506C}.Release|Any CPU.ActiveCfg = Release|Any CPU
		{6FA43CBB-AE17-4121-AD58-FE6572F3506C}.Release|Any CPU.Build.0 = Release|Any CPU
		{B2C00B9C-8A0F-4FCF-936E-298E8F281AB3}.Debug|Any CPU.ActiveCfg = Debug|Any CPU
		{B2C00B9C-8A0F-4FCF-936E-298E8F281AB3}.Debug|Any CPU.Build.0 = Debug|Any CPU
		{B2C00B9C-8A0F-4FCF-936E-298E8F281AB3}.Release|Any CPU.ActiveCfg = Release|Any CPU
		{B2C00B9C-8A0F-4FCF-936E-298E8F281AB3}.Release|Any CPU.Build.0 = Release|Any CPU
	EndGlobalSection
	GlobalSection(SolutionProperties) = preSolution
		HideSolutionNode = FALSE
	EndGlobalSection
	GlobalSection(ExtensibilityGlobals) = postSolution
		SolutionGuid = {9212113C-6DC1-420F-85ED-2B5BEE9D92CA}
	EndGlobalSection
EndGlobal
